
Microsoft Visual Studio Solution File, Format Version 12.00
# Visual Studio Version 16
VisualStudioVersion = 16.0.29613.14
MinimumVisualStudioVersion = 10.0.40219.1
Project("{8BC9CEB8-8B4A-11D0-8D11-00A0C91BC942}") = "aufgabe4_voruebung", "aufgabe4_voruebung\aufgabe4_voruebung.vcxproj", "{138664E1-2030-4831-A3E4-3D5D5356C832}"
EndProject
Global
	GlobalSection(SolutionConfigurationPlatforms) = preSolution
		Debug|x64 = Debug|x64
		Debug|x86 = Debug|x86
		Release|x64 = Release|x64
		Release|x86 = Release|x86
	EndGlobalSection
	GlobalSection(ProjectConfigurationPlatforms) = postSolution
		{138664E1-2030-4831-A3E4-3D5D5356C832}.Debug|x64.ActiveCfg = Debug|x64
		{138664E1-2030-4831-A3E4-3D5D5356C832}.Debug|x64.Build.0 = Debug|x64
		{138664E1-2030-4831-A3E4-3D5D5356C832}.Debug|x86.ActiveCfg = Debug|Win32
		{138664E1-2030-4831-A3E4-3D5D5356C832}.Debug|x86.Build.0 = Debug|Win32
		{138664E1-2030-4831-A3E4-3D5D5356C832}.Release|x64.ActiveCfg = Release|x64
		{138664E1-2030-4831-A3E4-3D5D5356C832}.Release|x64.Build.0 = Release|x64
		{138664E1-2030-4831-A3E4-3D5D5356C832}.Release|x86.ActiveCfg = Release|Win32
		{138664E1-2030-4831-A3E4-3D5D5356C832}.Release|x86.Build.0 = Release|Win32
	EndGlobalSection
	GlobalSection(SolutionProperties) = preSolution
		HideSolutionNode = FALSE
	EndGlobalSection
	GlobalSection(ExtensibilityGlobals) = postSolution
		SolutionGuid = {BB3A09DA-3323-4721-BEEC-C3F589CF8B7F}
	EndGlobalSection
EndGlobal
